
Microsoft Visual Studio Solution File, Format Version 12.00
# Visual Studio Version 16
VisualStudioVersion = 16.0.808.4
MinimumVisualStudioVersion = 10.0.40219.1
Project("{FAE04EC0-301F-11D3-BF4B-00C04F79EFBC}") = "day1", "day1\day1.csproj", "{D5D774FA-1F7E-4A32-B64E-04A22F65C3D4}"
EndProject
Project("{FAE04EC0-301F-11D3-BF4B-00C04F79EFBC}") = "day2", "day2\day2.csproj", "{975F0C0A-1E87-4558-9076-77D386D667AF}"
EndProject
Project("{FAE04EC0-301F-11D3-BF4B-00C04F79EFBC}") = "day3", "day3\day3.csproj", "{8D8167F9-3D2D-47AC-A703-03E2796A3996}"
EndProject
Project("{FAE04EC0-301F-11D3-BF4B-00C04F79EFBC}") = "day4", "day4\day4.csproj", "{A4EBE0B0-DC3C-447C-A250-E0178188AB39}"
EndProject
Project("{FAE04EC0-301F-11D3-BF4B-00C04F79EFBC}") = "day5", "day5\day5.csproj", "{9B1C477F-A9FE-4CFD-9473-3D99C0C2DF65}"
EndProject
Global
	GlobalSection(SolutionConfigurationPlatforms) = preSolution
		Debug|Any CPU = Debug|Any CPU
		Release|Any CPU = Release|Any CPU
	EndGlobalSection
	GlobalSection(ProjectConfigurationPlatforms) = postSolution
		{D5D774FA-1F7E-4A32-B64E-04A22F65C3D4}.Debug|Any CPU.ActiveCfg = Debug|Any CPU
		{D5D774FA-1F7E-4A32-B64E-04A22F65C3D4}.Debug|Any CPU.Build.0 = Debug|Any CPU
		{D5D774FA-1F7E-4A32-B64E-04A22F65C3D4}.Release|Any CPU.ActiveCfg = Release|Any CPU
		{D5D774FA-1F7E-4A32-B64E-04A22F65C3D4}.Release|Any CPU.Build.0 = Release|Any CPU
		{975F0C0A-1E87-4558-9076-77D386D667AF}.Debug|Any CPU.ActiveCfg = Debug|Any CPU
		{975F0C0A-1E87-4558-9076-77D386D667AF}.Debug|Any CPU.Build.0 = Debug|Any CPU
		{975F0C0A-1E87-4558-9076-77D386D667AF}.Release|Any CPU.ActiveCfg = Release|Any CPU
		{975F0C0A-1E87-4558-9076-77D386D667AF}.Release|Any CPU.Build.0 = Release|Any CPU
		{8D8167F9-3D2D-47AC-A703-03E2796A3996}.Debug|Any CPU.ActiveCfg = Debug|Any CPU
		{8D8167F9-3D2D-47AC-A703-03E2796A3996}.Debug|Any CPU.Build.0 = Debug|Any CPU
		{8D8167F9-3D2D-47AC-A703-03E2796A3996}.Release|Any CPU.ActiveCfg = Release|Any CPU
		{8D8167F9-3D2D-47AC-A703-03E2796A3996}.Release|Any CPU.Build.0 = Release|Any CPU
		{A4EBE0B0-DC3C-447C-A250-E0178188AB39}.Debug|Any CPU.ActiveCfg = Debug|Any CPU
		{A4EBE0B0-DC3C-447C-A250-E0178188AB39}.Debug|Any CPU.Build.0 = Debug|Any CPU
		{A4EBE0B0-DC3C-447C-A250-E0178188AB39}.Release|Any CPU.ActiveCfg = Release|Any CPU
		{A4EBE0B0-DC3C-447C-A250-E0178188AB39}.Release|Any CPU.Build.0 = Release|Any CPU
		{9B1C477F-A9FE-4CFD-9473-3D99C0C2DF65}.Debug|Any CPU.ActiveCfg = Debug|Any CPU
		{9B1C477F-A9FE-4CFD-9473-3D99C0C2DF65}.Debug|Any CPU.Build.0 = Debug|Any CPU
		{9B1C477F-A9FE-4CFD-9473-3D99C0C2DF65}.Release|Any CPU.ActiveCfg = Release|Any CPU
		{9B1C477F-A9FE-4CFD-9473-3D99C0C2DF65}.Release|Any CPU.Build.0 = Release|Any CPU
	EndGlobalSection
	GlobalSection(SolutionProperties) = preSolution
		HideSolutionNode = FALSE
	EndGlobalSection
	GlobalSection(ExtensibilityGlobals) = postSolution
		SolutionGuid = {B0BBAEB8-9AD4-44B4-8A71-26E3EEAAB618}
	EndGlobalSection
EndGlobal
